// !$*UTF8*$!
{
	archiveVersion = 1;
	classes = {
	};
	objectVersion = 46;
	objects = {

/* Begin PBXBuildFile section */
		364D94A6170B369400AC8DE8 /* UIKit.framework in Frameworks */ = {isa = PBXBuildFile; fileRef = 364D94A5170B369400AC8DE8 /* UIKit.framework */; };
		364D94A8170B369400AC8DE8 /* Foundation.framework in Frameworks */ = {isa = PBXBuildFile; fileRef = 364D94A7170B369400AC8DE8 /* Foundation.framework */; };
		364D94AA170B369400AC8DE8 /* CoreGraphics.framework in Frameworks */ = {isa = PBXBuildFile; fileRef = 364D94A9170B369400AC8DE8 /* CoreGraphics.framework */; };
		364D94B0170B369400AC8DE8 /* InfoPlist.strings in Resources */ = {isa = PBXBuildFile; fileRef = 364D94AE170B369400AC8DE8 /* InfoPlist.strings */; };
		364D94B2170B369400AC8DE8 /* main.m in Sources */ = {isa = PBXBuildFile; fileRef = 364D94B1170B369400AC8DE8 /* main.m */; };
		364D94B6170B369400AC8DE8 /* AppDelegate.m in Sources */ = {isa = PBXBuildFile; fileRef = 364D94B5170B369400AC8DE8 /* AppDelegate.m */; };
		364D94B8170B369400AC8DE8 /* Default.png in Resources */ = {isa = PBXBuildFile; fileRef = 364D94B7170B369400AC8DE8 /* Default.png */; };
		364D94BA170B369400AC8DE8 /* Default@2x.png in Resources */ = {isa = PBXBuildFile; fileRef = 364D94B9170B369400AC8DE8 /* Default@2x.png */; };
		364D94BC170B369400AC8DE8 /* Default-568h@2x.png in Resources */ = {isa = PBXBuildFile; fileRef = 364D94BB170B369400AC8DE8 /* Default-568h@2x.png */; };
		364D94BF170B369400AC8DE8 /* FirstViewController.m in Sources */ = {isa = PBXBuildFile; fileRef = 364D94BE170B369400AC8DE8 /* FirstViewController.m */; };
		364D94C1170B369400AC8DE8 /* first.png in Resources */ = {isa = PBXBuildFile; fileRef = 364D94C0170B369400AC8DE8 /* first.png */; };
		364D94C3170B369400AC8DE8 /* first@2x.png in Resources */ = {isa = PBXBuildFile; fileRef = 364D94C2170B369400AC8DE8 /* first@2x.png */; };
		364D94C6170B369400AC8DE8 /* SecondViewController.m in Sources */ = {isa = PBXBuildFile; fileRef = 364D94C5170B369400AC8DE8 /* SecondViewController.m */; };
		364D94C8170B369400AC8DE8 /* second.png in Resources */ = {isa = PBXBuildFile; fileRef = 364D94C7170B369400AC8DE8 /* second.png */; };
		364D94CA170B369400AC8DE8 /* second@2x.png in Resources */ = {isa = PBXBuildFile; fileRef = 364D94C9170B369400AC8DE8 /* second@2x.png */; };
		364D94CD170B369400AC8DE8 /* FirstViewController.xib in Resources */ = {isa = PBXBuildFile; fileRef = 364D94CB170B369400AC8DE8 /* FirstViewController.xib */; };
		364D94D0170B369400AC8DE8 /* SecondViewController.xib in Resources */ = {isa = PBXBuildFile; fileRef = 364D94CE170B369400AC8DE8 /* SecondViewController.xib */; };
		364D94D7170B36DD00AC8DE8 /* conversion in Resources */ = {isa = PBXBuildFile; fileRef = 364D94D6170B36DD00AC8DE8 /* conversion */; };
/* End PBXBuildFile section */

/* Begin PBXFileReference section */
		364D94A2170B369400AC8DE8 /* ConvCooking.app */ = {isa = PBXFileReference; explicitFileType = wrapper.application; includeInIndex = 0; path = ConvCooking.app; sourceTree = BUILT_PRODUCTS_DIR; };
		364D94A5170B369400AC8DE8 /* UIKit.framework */ = {isa = PBXFileReference; lastKnownFileType = wrapper.framework; name = UIKit.framework; path = System/Library/Frameworks/UIKit.framework; sourceTree = SDKROOT; };
		364D94A7170B369400AC8DE8 /* Foundation.framework */ = {isa = PBXFileReference; lastKnownFileType = wrapper.framework; name = Foundation.framework; path = System/Library/Frameworks/Foundation.framework; sourceTree = SDKROOT; };
		364D94A9170B369400AC8DE8 /* CoreGraphics.framework */ = {isa = PBXFileReference; lastKnownFileType = wrapper.framework; name = CoreGraphics.framework; path = System/Library/Frameworks/CoreGraphics.framework; sourceTree = SDKROOT; };
		364D94AD170B369400AC8DE8 /* ConvCooking-Info.plist */ = {isa = PBXFileReference; lastKnownFileType = text.plist.xml; path = "ConvCooking-Info.plist"; sourceTree = "<group>"; };
		364D94AF170B369400AC8DE8 /* en */ = {isa = PBXFileReference; lastKnownFileType = text.plist.strings; name = en; path = en.lproj/InfoPlist.strings; sourceTree = "<group>"; };
		364D94B1170B369400AC8DE8 /* main.m */ = {isa = PBXFileReference; lastKnownFileType = sourcecode.c.objc; path = main.m; sourceTree = "<group>"; };
		364D94B3170B369400AC8DE8 /* ConvCooking-Prefix.pch */ = {isa = PBXFileReference; lastKnownFileType = sourcecode.c.h; path = "ConvCooking-Prefix.pch"; sourceTree = "<group>"; };
		364D94B4170B369400AC8DE8 /* AppDelegate.h */ = {isa = PBXFileReference; lastKnownFileType = sourcecode.c.h; path = AppDelegate.h; sourceTree = "<group>"; };
		364D94B5170B369400AC8DE8 /* AppDelegate.m */ = {isa = PBXFileReference; lastKnownFileType = sourcecode.c.objc; path = AppDelegate.m; sourceTree = "<group>"; };
		364D94B7170B369400AC8DE8 /* Default.png */ = {isa = PBXFileReference; lastKnownFileType = image.png; path = Default.png; sourceTree = "<group>"; };
		364D94B9170B369400AC8DE8 /* Default@2x.png */ = {isa = PBXFileReference; lastKnownFileType = image.png; path = "Default@2x.png"; sourceTree = "<group>"; };
		364D94BB170B369400AC8DE8 /* Default-568h@2x.png */ = {isa = PBXFileReference; lastKnownFileType = image.png; path = "Default-568h@2x.png"; sourceTree = "<group>"; };
		364D94BD170B369400AC8DE8 /* FirstViewController.h */ = {isa = PBXFileReference; lastKnownFileType = sourcecode.c.h; path = FirstViewController.h; sourceTree = "<group>"; };
		364D94BE170B369400AC8DE8 /* FirstViewController.m */ = {isa = PBXFileReference; lastKnownFileType = sourcecode.c.objc; path = FirstViewController.m; sourceTree = "<group>"; };
		364D94C0170B369400AC8DE8 /* first.png */ = {isa = PBXFileReference; lastKnownFileType = image.png; path = first.png; sourceTree = "<group>"; };
		364D94C2170B369400AC8DE8 /* first@2x.png */ = {isa = PBXFileReference; lastKnownFileType = image.png; path = "first@2x.png"; sourceTree = "<group>"; };
		364D94C4170B369400AC8DE8 /* SecondViewController.h */ = {isa = PBXFileReference; lastKnownFileType = sourcecode.c.h; path = SecondViewController.h; sourceTree = "<group>"; };
		364D94C5170B369400AC8DE8 /* SecondViewController.m */ = {isa = PBXFileReference; lastKnownFileType = sourcecode.c.objc; path = SecondViewController.m; sourceTree = "<group>"; };
		364D94C7170B369400AC8DE8 /* second.png */ = {isa = PBXFileReference; lastKnownFileType = image.png; path = second.png; sourceTree = "<group>"; };
		364D94C9170B369400AC8DE8 /* second@2x.png */ = {isa = PBXFileReference; lastKnownFileType = image.png; path = "second@2x.png"; sourceTree = "<group>"; };
		364D94CC170B369400AC8DE8 /* en */ = {isa = PBXFileReference; lastKnownFileType = file.xib; name = en; path = en.lproj/FirstViewController.xib; sourceTree = "<group>"; };
		364D94CF170B369400AC8DE8 /* en */ = {isa = PBXFileReference; lastKnownFileType = file.xib; name = en; path = en.lproj/SecondViewController.xib; sourceTree = "<group>"; };
		364D94D6170B36DD00AC8DE8 /* conversion */ = {isa = PBXFileReference; fileEncoding = 4; lastKnownFileType = text; path = conversion; sourceTree = "<group>"; };
/* End PBXFileReference section */

/* Begin PBXFrameworksBuildPhase section */
		364D949F170B369400AC8DE8 /* Frameworks */ = {
			isa = PBXFrameworksBuildPhase;
			buildActionMask = 2147483647;
			files = (
				364D94A6170B369400AC8DE8 /* UIKit.framework in Frameworks */,
				364D94A8170B369400AC8DE8 /* Foundation.framework in Frameworks */,
				364D94AA170B369400AC8DE8 /* CoreGraphics.framework in Frameworks */,
			);
			runOnlyForDeploymentPostprocessing = 0;
		};
/* End PBXFrameworksBuildPhase section */

/* Begin PBXGroup section */
		364D9499170B369400AC8DE8 = {
			isa = PBXGroup;
			children = (
				364D94AB170B369400AC8DE8 /* ConvCooking */,
				364D94A4170B369400AC8DE8 /* Frameworks */,
				364D94A3170B369400AC8DE8 /* Products */,
			);
			sourceTree = "<group>";
		};
		364D94A3170B369400AC8DE8 /* Products */ = {
			isa = PBXGroup;
			children = (
				364D94A2170B369400AC8DE8 /* ConvCooking.app */,
			);
			name = Products;
			sourceTree = "<group>";
		};
		364D94A4170B369400AC8DE8 /* Frameworks */ = {
			isa = PBXGroup;
			children = (
				364D94A5170B369400AC8DE8 /* UIKit.framework */,
				364D94A7170B369400AC8DE8 /* Foundation.framework */,
				364D94A9170B369400AC8DE8 /* CoreGraphics.framework */,
			);
			name = Frameworks;
			sourceTree = "<group>";
		};
		364D94AB170B369400AC8DE8 /* ConvCooking */ = {
			isa = PBXGroup;
			children = (
				364D94B4170B369400AC8DE8 /* AppDelegate.h */,
				364D94B5170B369400AC8DE8 /* AppDelegate.m */,
				364D94BD170B369400AC8DE8 /* FirstViewController.h */,
				364D94BE170B369400AC8DE8 /* FirstViewController.m */,
				364D94C0170B369400AC8DE8 /* first.png */,
				364D94C2170B369400AC8DE8 /* first@2x.png */,
				364D94C4170B369400AC8DE8 /* SecondViewController.h */,
				364D94C5170B369400AC8DE8 /* SecondViewController.m */,
				364D94C7170B369400AC8DE8 /* second.png */,
				364D94C9170B369400AC8DE8 /* second@2x.png */,
				364D94CB170B369400AC8DE8 /* FirstViewController.xib */,
				364D94CE170B369400AC8DE8 /* SecondViewController.xib */,
				364D94AC170B369400AC8DE8 /* Supporting Files */,
			);
			path = ConvCooking;
			sourceTree = "<group>";
		};
		364D94AC170B369400AC8DE8 /* Supporting Files */ = {
			isa = PBXGroup;
			children = (
				364D94AD170B369400AC8DE8 /* ConvCooking-Info.plist */,
				364D94AE170B369400AC8DE8 /* InfoPlist.strings */,
				364D94B1170B369400AC8DE8 /* main.m */,
				364D94B3170B369400AC8DE8 /* ConvCooking-Prefix.pch */,
				364D94B7170B369400AC8DE8 /* Default.png */,
				364D94B9170B369400AC8DE8 /* Default@2x.png */,
				364D94BB170B369400AC8DE8 /* Default-568h@2x.png */,
				364D94D6170B36DD00AC8DE8 /* conversion */,
			);
			name = "Supporting Files";
			sourceTree = "<group>";
		};
/* End PBXGroup section */

/* Begin PBXNativeTarget section */
		364D94A1170B369400AC8DE8 /* ConvCooking */ = {
			isa = PBXNativeTarget;
			buildConfigurationList = 364D94D3170B369400AC8DE8 /* Build configuration list for PBXNativeTarget "ConvCooking" */;
			buildPhases = (
				364D949E170B369400AC8DE8 /* Sources */,
				364D949F170B369400AC8DE8 /* Frameworks */,
				364D94A0170B369400AC8DE8 /* Resources */,
			);
			buildRules = (
			);
			dependencies = (
			);
			name = ConvCooking;
			productName = ConvCooking;
			productReference = 364D94A2170B369400AC8DE8 /* ConvCooking.app */;
			productType = "com.apple.product-type.application";
		};
/* End PBXNativeTarget section */

/* Begin PBXProject section */
		364D949A170B369400AC8DE8 /* Project object */ = {
			isa = PBXProject;
			attributes = {
				LastUpgradeCheck = 0460;
				ORGANIZATIONNAME = ChenShun;
			};
			buildConfigurationList = 364D949D170B369400AC8DE8 /* Build configuration list for PBXProject "ConvCooking" */;
			compatibilityVersion = "Xcode 3.2";
			developmentRegion = English;
			hasScannedForEncodings = 0;
			knownRegions = (
				en,
			);
			mainGroup = 364D9499170B369400AC8DE8;
			productRefGroup = 364D94A3170B369400AC8DE8 /* Products */;
			projectDirPath = "";
			projectRoot = "";
			targets = (
				364D94A1170B369400AC8DE8 /* ConvCooking */,
			);
		};
/* End PBXProject section */

/* Begin PBXResourcesBuildPhase section */
		364D94A0170B369400AC8DE8 /* Resources */ = {
			isa = PBXResourcesBuildPhase;
			buildActionMask = 2147483647;
			files = (
				364D94B0170B369400AC8DE8 /* InfoPlist.strings in Resources */,
				364D94B8170B369400AC8DE8 /* Default.png in Resources */,
				364D94BA170B369400AC8DE8 /* Default@2x.png in Resources */,
				364D94BC170B369400AC8DE8 /* Default-568h@2x.png in Resources */,
				364D94C1170B369400AC8DE8 /* first.png in Resources */,
				364D94C3170B369400AC8DE8 /* first@2x.png in Resources */,
				364D94C8170B369400AC8DE8 /* second.png in Resources */,
				364D94CA170B369400AC8DE8 /* second@2x.png in Resources */,
				364D94CD170B369400AC8DE8 /* FirstViewController.xib in Resources */,
				364D94D0170B369400AC8DE8 /* SecondViewController.xib in Resources */,
				364D94D7170B36DD00AC8DE8 /* conversion in Resources */,
			);
			runOnlyForDeploymentPostprocessing = 0;
		};
/* End PBXResourcesBuildPhase section */

/* Begin PBXSourcesBuildPhase section */
		364D949E170B369400AC8DE8 /* Sources */ = {
			isa = PBXSourcesBuildPhase;
			buildActionMask = 2147483647;
			files = (
				364D94B2170B369400AC8DE8 /* main.m in Sources */,
				364D94B6170B369400AC8DE8 /* AppDelegate.m in Sources */,
				364D94BF170B369400AC8DE8 /* FirstViewController.m in Sources */,
				364D94C6170B369400AC8DE8 /* SecondViewController.m in Sources */,
			);
			runOnlyForDeploymentPostprocessing = 0;
		};
/* End PBXSourcesBuildPhase section */

/* Begin PBXVariantGroup section */
		364D94AE170B369400AC8DE8 /* InfoPlist.strings */ = {
			isa = PBXVariantGroup;
			children = (
				364D94AF170B369400AC8DE8 /* en */,
			);
			name = InfoPlist.strings;
			sourceTree = "<group>";
		};
		364D94CB170B369400AC8DE8 /* FirstViewController.xib */ = {
			isa = PBXVariantGroup;
			children = (
				364D94CC170B369400AC8DE8 /* en */,
			);
			name = FirstViewController.xib;
			sourceTree = "<group>";
		};
		364D94CE170B369400AC8DE8 /* SecondViewController.xib */ = {
			isa = PBXVariantGroup;
			children = (
				364D94CF170B369400AC8DE8 /* en */,
			);
			name = SecondViewController.xib;
			sourceTree = "<group>";
		};
/* End PBXVariantGroup section */

/* Begin XCBuildConfiguration section */
		364D94D1170B369400AC8DE8 /* Debug */ = {
			isa = XCBuildConfiguration;
			buildSettings = {
				ALWAYS_SEARCH_USER_PATHS = NO;
				CLANG_CXX_LANGUAGE_STANDARD = "gnu++0x";
				CLANG_CXX_LIBRARY = "libc++";
				CLANG_WARN_CONSTANT_CONVERSION = YES;
				CLANG_WARN_EMPTY_BODY = YES;
				CLANG_WARN_ENUM_CONVERSION = YES;
				CLANG_WARN_INT_CONVERSION = YES;
				CLANG_WARN__DUPLICATE_METHOD_MATCH = YES;
				"CODE_SIGN_IDENTITY[sdk=iphoneos*]" = "iPhone Developer";
				COPY_PHASE_STRIP = NO;
				GCC_C_LANGUAGE_STANDARD = gnu99;
				GCC_DYNAMIC_NO_PIC = NO;
				GCC_OPTIMIZATION_LEVEL = 0;
				GCC_PREPROCESSOR_DEFINITIONS = (
					"DEBUG=1",
					"$(inherited)",
				);
				GCC_SYMBOLS_PRIVATE_EXTERN = NO;
				GCC_WARN_ABOUT_RETURN_TYPE = YES;
				GCC_WARN_UNINITIALIZED_AUTOS = YES;
				GCC_WARN_UNUSED_VARIABLE = YES;
				IPHONEOS_DEPLOYMENT_TARGET = 6.1;
				ONLY_ACTIVE_ARCH = YES;
				SDKROOT = iphoneos;
			};
			name = Debug;
		};
		364D94D2170B369400AC8DE8 /* Release */ = {
			isa = XCBuildConfiguration;
			buildSettings = {
				ALWAYS_SEARCH_USER_PATHS = NO;
				CLANG_CXX_LANGUAGE_STANDARD = "gnu++0x";
				CLANG_CXX_LIBRARY = "libc++";
				CLANG_WARN_CONSTANT_CONVERSION = YES;
				CLANG_WARN_EMPTY_BODY = YES;
				CLANG_WARN_ENUM_CONVERSION = YES;
				CLANG_WARN_INT_CONVERSION = YES;
				CLANG_WARN__DUPLICATE_METHOD_MATCH = YES;
				"CODE_SIGN_IDENTITY[sdk=iphoneos*]" = "iPhone Developer";
				COPY_PHASE_STRIP = YES;
				GCC_C_LANGUAGE_STANDARD = gnu99;
				GCC_WARN_ABOUT_RETURN_TYPE = YES;
				GCC_WARN_UNINITIALIZED_AUTOS = YES;
				GCC_WARN_UNUSED_VARIABLE = YES;
				IPHONEOS_DEPLOYMENT_TARGET = 6.1;
				OTHER_CFLAGS = "-DNS_BLOCK_ASSERTIONS=1";
				SDKROOT = iphoneos;
				VALIDATE_PRODUCT = YES;
			};
			name = Release;
		};
		364D94D4170B369400AC8DE8 /* Debug */ = {
			isa = XCBuildConfiguration;
			buildSettings = {
				GCC_PRECOMPILE_PREFIX_HEADER = YES;
				GCC_PREFIX_HEADER = "ConvCooking/ConvCooking-Prefix.pch";
				INFOPLIST_FILE = "ConvCooking/ConvCooking-Info.plist";
				PRODUCT_NAME = "$(TARGET_NAME)";
				WRAPPER_EXTENSION = app;
			};
			name = Debug;
		};
		364D94D5170B369400AC8DE8 /* Release */ = {
			isa = XCBuildConfiguration;
			buildSettings = {
				GCC_PRECOMPILE_PREFIX_HEADER = YES;
				GCC_PREFIX_HEADER = "ConvCooking/ConvCooking-Prefix.pch";
				INFOPLIST_FILE = "ConvCooking/ConvCooking-Info.plist";
				PRODUCT_NAME = "$(TARGET_NAME)";
				WRAPPER_EXTENSION = app;
			};
			name = Release;
		};
/* End XCBuildConfiguration section */

/* Begin XCConfigurationList section */
		364D949D170B369400AC8DE8 /* Build configuration list for PBXProject "ConvCooking" */ = {
			isa = XCConfigurationList;
			buildConfigurations = (
				364D94D1170B369400AC8DE8 /* Debug */,
				364D94D2170B369400AC8DE8 /* Release */,
			);
			defaultConfigurationIsVisible = 0;
			defaultConfigurationName = Release;
		};
		364D94D3170B369400AC8DE8 /* Build configuration list for PBXNativeTarget "ConvCooking" */ = {
			isa = XCConfigurationList;
			buildConfigurations = (
				364D94D4170B369400AC8DE8 /* Debug */,
				364D94D5170B369400AC8DE8 /* Release */,
			);
			defaultConfigurationIsVisible = 0;
		};
/* End XCConfigurationList section */
	};
	rootObject = 364D949A170B369400AC8DE8 /* Project object */;
}
